
Microsoft Visual Studio Solution File, Format Version 12.00
# Visual Studio Version 16
VisualStudioVersion = 25.0.1705.4
MinimumVisualStudioVersion = 10.0.40219.1
Project("{FAE04EC0-301F-11D3-BF4B-00C04F79EFBC}") = "UnitDBL", "UnitDBL.csproj", "{025BE347-B154-4FE6-A351-F12E59B54E73}"
EndProject
Global
	GlobalSection(SolutionConfigurationPlatforms) = preSolution
		Debug|Any CPU = Debug|Any CPU
		Release|Any CPU = Release|Any CPU
	EndGlobalSection
	GlobalSection(ProjectConfigurationPlatforms) = postSolution
		{025BE347-B154-4FE6-A351-F12E59B54E73}.Debug|Any CPU.ActiveCfg = Debug|Any CPU
		{025BE347-B154-4FE6-A351-F12E59B54E73}.Debug|Any CPU.Build.0 = Debug|Any CPU
		{025BE347-B154-4FE6-A351-F12E59B54E73}.Release|Any CPU.ActiveCfg = Release|Any CPU
		{025BE347-B154-4FE6-A351-F12E59B54E73}.Release|Any CPU.Build.0 = Release|Any CPU
	EndGlobalSection
	GlobalSection(SolutionProperties) = preSolution
		HideSolutionNode = FALSE
	EndGlobalSection
	GlobalSection(ExtensibilityGlobals) = postSolution
		SolutionGuid = {E770260F-840F-4C56-806D-F9B68D72E7F2}
	EndGlobalSection
EndGlobal
